
Microsoft Visual Studio Solution File, Format Version 12.00
# Visual Studio Version 17
VisualStudioVersion = 17.14.36429.23 d17.14
MinimumVisualStudioVersion = 10.0.40219.1
Project("{FAE04EC0-301F-11D3-BF4B-00C04F79EFBC}") = "InteractiveApp", "InteractiveApp\InteractiveApp.csproj", "{B3909BC0-C22E-4825-8332-2C6F758AE92D}"
EndProject
Global
	GlobalSection(SolutionConfigurationPlatforms) = preSolution
		Debug|Any CPU = Debug|Any CPU
		Release|Any CPU = Release|Any CPU
	EndGlobalSection
	GlobalSection(ProjectConfigurationPlatforms) = postSolution
		{B3909BC0-C22E-4825-8332-2C6F758AE92D}.Debug|Any CPU.ActiveCfg = Debug|Any CPU
		{B3909BC0-C22E-4825-8332-2C6F758AE92D}.Debug|Any CPU.Build.0 = Debug|Any CPU
		{B3909BC0-C22E-4825-8332-2C6F758AE92D}.Release|Any CPU.ActiveCfg = Release|Any CPU
		{B3909BC0-C22E-4825-8332-2C6F758AE92D}.Release|Any CPU.Build.0 = Release|Any CPU
	EndGlobalSection
	GlobalSection(SolutionProperties) = preSolution
		HideSolutionNode = FALSE
	EndGlobalSection
	GlobalSection(ExtensibilityGlobals) = postSolution
		SolutionGuid = {3DF69CAD-315D-4583-9C85-F4B7ED0C31D7}
	EndGlobalSection
EndGlobal
